
Microsoft Visual Studio Solution File, Format Version 12.00
# Visual Studio 15
VisualStudioVersion = 15.0.28010.2046
MinimumVisualStudioVersion = 10.0.40219.1
Project("{FAE04EC0-301F-11D3-BF4B-00C04F79EFBC}") = "sapper", "sapper\sapper.csproj", "{085ED506-B012-42C3-A2DA-39CEFA8E0C47}"
EndProject
Global
	GlobalSection(SolutionConfigurationPlatforms) = preSolution
		Debug|Any CPU = Debug|Any CPU
		Release|Any CPU = Release|Any CPU
	EndGlobalSection
	GlobalSection(ProjectConfigurationPlatforms) = postSolution
		{085ED506-B012-42C3-A2DA-39CEFA8E0C47}.Debug|Any CPU.ActiveCfg = Debug|Any CPU
		{085ED506-B012-42C3-A2DA-39CEFA8E0C47}.Debug|Any CPU.Build.0 = Debug|Any CPU
		{085ED506-B012-42C3-A2DA-39CEFA8E0C47}.Release|Any CPU.ActiveCfg = Release|Any CPU
		{085ED506-B012-42C3-A2DA-39CEFA8E0C47}.Release|Any CPU.Build.0 = Release|Any CPU
	EndGlobalSection
	GlobalSection(SolutionProperties) = preSolution
		HideSolutionNode = FALSE
	EndGlobalSection
	GlobalSection(ExtensibilityGlobals) = postSolution
		SolutionGuid = {160CD5B5-BCDD-4E03-83EE-90E9B8CBA62F}
	EndGlobalSection
EndGlobal
